// !$*UTF8*$!
{
	archiveVersion = 1;
	classes = {
	};
	objectVersion = 46;
	objects = {

/* Begin PBXBuildFile section */
		65C4096B1BBA96040021B86D /* ArticlesViewController.swift in Sources */ = {isa = PBXBuildFile; fileRef = 65C4096A1BBA96040021B86D /* ArticlesViewController.swift */; settings = {ASSET_TAGS = (); }; };
		65C409701BBA99100021B86D /* AboutViewController.swift in Sources */ = {isa = PBXBuildFile; fileRef = 65C4096F1BBA99100021B86D /* AboutViewController.swift */; settings = {ASSET_TAGS = (); }; };
		65C409741BBAAFD00021B86D /* ArticlesTableViewCell.swift in Sources */ = {isa = PBXBuildFile; fileRef = 65C409721BBAAFD00021B86D /* ArticlesTableViewCell.swift */; settings = {ASSET_TAGS = (); }; };
		65C409751BBAAFD00021B86D /* ArticlesTableViewCell.xib in Resources */ = {isa = PBXBuildFile; fileRef = 65C409731BBAAFD00021B86D /* ArticlesTableViewCell.xib */; settings = {ASSET_TAGS = (); }; };
		65C409781BBAB0900021B86D /* ACTagView.swift in Sources */ = {isa = PBXBuildFile; fileRef = 65C409771BBAB0900021B86D /* ACTagView.swift */; settings = {ASSET_TAGS = (); }; };
		65C5208C1BB1466C0092675C /* AppDelegate.swift in Sources */ = {isa = PBXBuildFile; fileRef = 65C5208B1BB1466C0092675C /* AppDelegate.swift */; };
		65C520911BB1466C0092675C /* Main.storyboard in Resources */ = {isa = PBXBuildFile; fileRef = 65C5208F1BB1466C0092675C /* Main.storyboard */; };
		65C520941BB1466D0092675C /* Xploration_Reader.xcdatamodeld in Sources */ = {isa = PBXBuildFile; fileRef = 65C520921BB1466D0092675C /* Xploration_Reader.xcdatamodeld */; };
		65C520961BB1466D0092675C /* Assets.xcassets in Resources */ = {isa = PBXBuildFile; fileRef = 65C520951BB1466D0092675C /* Assets.xcassets */; };
		65C520991BB1466D0092675C /* LaunchScreen.storyboard in Resources */ = {isa = PBXBuildFile; fileRef = 65C520971BB1466D0092675C /* LaunchScreen.storyboard */; };
		65C520A41BB1466D0092675C /* Xploration_ReaderTests.swift in Sources */ = {isa = PBXBuildFile; fileRef = 65C520A31BB1466D0092675C /* Xploration_ReaderTests.swift */; };
		65C520AF1BB1466D0092675C /* Xploration_ReaderUITests.swift in Sources */ = {isa = PBXBuildFile; fileRef = 65C520AE1BB1466D0092675C /* Xploration_ReaderUITests.swift */; };
/* End PBXBuildFile section */

/* Begin PBXContainerItemProxy section */
		65C520A01BB1466D0092675C /* PBXContainerItemProxy */ = {
			isa = PBXContainerItemProxy;
			containerPortal = 65C520801BB1466C0092675C /* Project object */;
			proxyType = 1;
			remoteGlobalIDString = 65C520871BB1466C0092675C;
			remoteInfo = "Xploration Reader";
		};
		65C520AB1BB1466D0092675C /* PBXContainerItemProxy */ = {
			isa = PBXContainerItemProxy;
			containerPortal = 65C520801BB1466C0092675C /* Project object */;
			proxyType = 1;
			remoteGlobalIDString = 65C520871BB1466C0092675C;
			remoteInfo = "Xploration Reader";
		};
/* End PBXContainerItemProxy section */

/* Begin PBXFileReference section */
		65C4096A1BBA96040021B86D /* ArticlesViewController.swift */ = {isa = PBXFileReference; fileEncoding = 4; lastKnownFileType = sourcecode.swift; path = ArticlesViewController.swift; sourceTree = "<group>"; };
		65C4096F1BBA99100021B86D /* AboutViewController.swift */ = {isa = PBXFileReference; fileEncoding = 4; lastKnownFileType = sourcecode.swift; path = AboutViewController.swift; sourceTree = "<group>"; };
		65C409721BBAAFD00021B86D /* ArticlesTableViewCell.swift */ = {isa = PBXFileReference; fileEncoding = 4; lastKnownFileType = sourcecode.swift; path = ArticlesTableViewCell.swift; sourceTree = "<group>"; };
		65C409731BBAAFD00021B86D /* ArticlesTableViewCell.xib */ = {isa = PBXFileReference; fileEncoding = 4; lastKnownFileType = file.xib; path = ArticlesTableViewCell.xib; sourceTree = "<group>"; };
		65C409771BBAB0900021B86D /* ACTagView.swift */ = {isa = PBXFileReference; fileEncoding = 4; lastKnownFileType = sourcecode.swift; path = ACTagView.swift; sourceTree = "<group>"; };
		65C520881BB1466C0092675C /* Xploration Reader.app */ = {isa = PBXFileReference; explicitFileType = wrapper.application; includeInIndex = 0; path = "Xploration Reader.app"; sourceTree = BUILT_PRODUCTS_DIR; };
		65C5208B1BB1466C0092675C /* AppDelegate.swift */ = {isa = PBXFileReference; lastKnownFileType = sourcecode.swift; path = AppDelegate.swift; sourceTree = "<group>"; };
		65C520901BB1466C0092675C /* Base */ = {isa = PBXFileReference; lastKnownFileType = file.storyboard; name = Base; path = Base.lproj/Main.storyboard; sourceTree = "<group>"; };
		65C520931BB1466D0092675C /* Xploration_Reader.xcdatamodel */ = {isa = PBXFileReference; lastKnownFileType = wrapper.xcdatamodel; path = Xploration_Reader.xcdatamodel; sourceTree = "<group>"; };
		65C520951BB1466D0092675C /* Assets.xcassets */ = {isa = PBXFileReference; lastKnownFileType = folder.assetcatalog; path = Assets.xcassets; sourceTree = "<group>"; };
		65C520981BB1466D0092675C /* Base */ = {isa = PBXFileReference; lastKnownFileType = file.storyboard; name = Base; path = Base.lproj/LaunchScreen.storyboard; sourceTree = "<group>"; };
		65C5209A1BB1466D0092675C /* Info.plist */ = {isa = PBXFileReference; lastKnownFileType = text.plist.xml; path = Info.plist; sourceTree = "<group>"; };
		65C5209F1BB1466D0092675C /* Xploration ReaderTests.xctest */ = {isa = PBXFileReference; explicitFileType = wrapper.cfbundle; includeInIndex = 0; path = "Xploration ReaderTests.xctest"; sourceTree = BUILT_PRODUCTS_DIR; };
		65C520A31BB1466D0092675C /* Xploration_ReaderTests.swift */ = {isa = PBXFileReference; lastKnownFileType = sourcecode.swift; path = Xploration_ReaderTests.swift; sourceTree = "<group>"; };
		65C520A51BB1466D0092675C /* Info.plist */ = {isa = PBXFileReference; lastKnownFileType = text.plist.xml; path = Info.plist; sourceTree = "<group>"; };
		65C520AA1BB1466D0092675C /* Xploration ReaderUITests.xctest */ = {isa = PBXFileReference; explicitFileType = wrapper.cfbundle; includeInIndex = 0; path = "Xploration ReaderUITests.xctest"; sourceTree = BUILT_PRODUCTS_DIR; };
		65C520AE1BB1466D0092675C /* Xploration_ReaderUITests.swift */ = {isa = PBXFileReference; lastKnownFileType = sourcecode.swift; path = Xploration_ReaderUITests.swift; sourceTree = "<group>"; };
		65C520B01BB1466D0092675C /* Info.plist */ = {isa = PBXFileReference; lastKnownFileType = text.plist.xml; path = Info.plist; sourceTree = "<group>"; };
/* End PBXFileReference section */

/* Begin PBXFrameworksBuildPhase section */
		65C520851BB1466C0092675C /* Frameworks */ = {
			isa = PBXFrameworksBuildPhase;
			buildActionMask = 2147483647;
			files = (
			);
			runOnlyForDeploymentPostprocessing = 0;
		};
		65C5209C1BB1466D0092675C /* Frameworks */ = {
			isa = PBXFrameworksBuildPhase;
			buildActionMask = 2147483647;
			files = (
			);
			runOnlyForDeploymentPostprocessing = 0;
		};
		65C520A71BB1466D0092675C /* Frameworks */ = {
			isa = PBXFrameworksBuildPhase;
			buildActionMask = 2147483647;
			files = (
			);
			runOnlyForDeploymentPostprocessing = 0;
		};
/* End PBXFrameworksBuildPhase section */

/* Begin PBXGroup section */
		65C4096E1BBA96780021B86D /* Classes */ = {
			isa = PBXGroup;
			children = (
				65C5208B1BB1466C0092675C /* AppDelegate.swift */,
				65C4096A1BBA96040021B86D /* ArticlesViewController.swift */,
				65C4096F1BBA99100021B86D /* AboutViewController.swift */,
			);
			name = Classes;
			sourceTree = "<group>";
		};
		65C409711BBAAF520021B86D /* ArticlesTableViewCell */ = {
			isa = PBXGroup;
			children = (
				65C409721BBAAFD00021B86D /* ArticlesTableViewCell.swift */,
				65C409731BBAAFD00021B86D /* ArticlesTableViewCell.xib */,
			);
			name = ArticlesTableViewCell;
			sourceTree = "<group>";
		};
		65C409761BBAB0760021B86D /* ACTagView */ = {
			isa = PBXGroup;
			children = (
				65C409771BBAB0900021B86D /* ACTagView.swift */,
			);
			name = ACTagView;
			sourceTree = "<group>";
		};
		65C5207F1BB1466C0092675C = {
			isa = PBXGroup;
			children = (
				65C5208A1BB1466C0092675C /* Xploration Reader */,
				65C520A21BB1466D0092675C /* Xploration ReaderTests */,
				65C520AD1BB1466D0092675C /* Xploration ReaderUITests */,
				65C520891BB1466C0092675C /* Products */,
			);
			sourceTree = "<group>";
		};
		65C520891BB1466C0092675C /* Products */ = {
			isa = PBXGroup;
			children = (
				65C520881BB1466C0092675C /* Xploration Reader.app */,
				65C5209F1BB1466D0092675C /* Xploration ReaderTests.xctest */,
				65C520AA1BB1466D0092675C /* Xploration ReaderUITests.xctest */,
			);
			name = Products;
			sourceTree = "<group>";
		};
		65C5208A1BB1466C0092675C /* Xploration Reader */ = {
			isa = PBXGroup;
			children = (
				65C409761BBAB0760021B86D /* ACTagView */,
				65C409711BBAAF520021B86D /* ArticlesTableViewCell */,
				65C4096E1BBA96780021B86D /* Classes */,
				65C5208F1BB1466C0092675C /* Main.storyboard */,
				65C520971BB1466D0092675C /* LaunchScreen.storyboard */,
				65C520951BB1466D0092675C /* Assets.xcassets */,
				65C5209A1BB1466D0092675C /* Info.plist */,
				65C520921BB1466D0092675C /* Xploration_Reader.xcdatamodeld */,
			);
			path = "Xploration Reader";
			sourceTree = "<group>";
		};
		65C520A21BB1466D0092675C /* Xploration ReaderTests */ = {
			isa = PBXGroup;
			children = (
				65C520A31BB1466D0092675C /* Xploration_ReaderTests.swift */,
				65C520A51BB1466D0092675C /* Info.plist */,
			);
			path = "Xploration ReaderTests";
			sourceTree = "<group>";
		};
		65C520AD1BB1466D0092675C /* Xploration ReaderUITests */ = {
			isa = PBXGroup;
			children = (
				65C520AE1BB1466D0092675C /* Xploration_ReaderUITests.swift */,
				65C520B01BB1466D0092675C /* Info.plist */,
			);
			path = "Xploration ReaderUITests";
			sourceTree = "<group>";
		};
/* End PBXGroup section */

/* Begin PBXNativeTarget section */
		65C520871BB1466C0092675C /* Xploration Reader */ = {
			isa = PBXNativeTarget;
			buildConfigurationList = 65C520B31BB1466D0092675C /* Build configuration list for PBXNativeTarget "Xploration Reader" */;
			buildPhases = (
				65C520841BB1466C0092675C /* Sources */,
				65C520851BB1466C0092675C /* Frameworks */,
				65C520861BB1466C0092675C /* Resources */,
			);
			buildRules = (
			);
			dependencies = (
			);
			name = "Xploration Reader";
			productName = "Xploration Reader";
			productReference = 65C520881BB1466C0092675C /* Xploration Reader.app */;
			productType = "com.apple.product-type.application";
		};
		65C5209E1BB1466D0092675C /* Xploration ReaderTests */ = {
			isa = PBXNativeTarget;
			buildConfigurationList = 65C520B61BB1466D0092675C /* Build configuration list for PBXNativeTarget "Xploration ReaderTests" */;
			buildPhases = (
				65C5209B1BB1466D0092675C /* Sources */,
				65C5209C1BB1466D0092675C /* Frameworks */,
				65C5209D1BB1466D0092675C /* Resources */,
			);
			buildRules = (
			);
			dependencies = (
				65C520A11BB1466D0092675C /* PBXTargetDependency */,
			);
			name = "Xploration ReaderTests";
			productName = "Xploration ReaderTests";
			productReference = 65C5209F1BB1466D0092675C /* Xploration ReaderTests.xctest */;
			productType = "com.apple.product-type.bundle.unit-test";
		};
		65C520A91BB1466D0092675C /* Xploration ReaderUITests */ = {
			isa = PBXNativeTarget;
			buildConfigurationList = 65C520B91BB1466D0092675C /* Build configuration list for PBXNativeTarget "Xploration ReaderUITests" */;
			buildPhases = (
				65C520A61BB1466D0092675C /* Sources */,
				65C520A71BB1466D0092675C /* Frameworks */,
				65C520A81BB1466D0092675C /* Resources */,
			);
			buildRules = (
			);
			dependencies = (
				65C520AC1BB1466D0092675C /* PBXTargetDependency */,
			);
			name = "Xploration ReaderUITests";
			productName = "Xploration ReaderUITests";
			productReference = 65C520AA1BB1466D0092675C /* Xploration ReaderUITests.xctest */;
			productType = "com.apple.product-type.bundle.ui-testing";
		};
/* End PBXNativeTarget section */

/* Begin PBXProject section */
		65C520801BB1466C0092675C /* Project object */ = {
			isa = PBXProject;
			attributes = {
				LastUpgradeCheck = 0700;
				ORGANIZATIONNAME = "Andrea Cerra";
				TargetAttributes = {
					65C520871BB1466C0092675C = {
						CreatedOnToolsVersion = 7.0;
					};
					65C5209E1BB1466D0092675C = {
						CreatedOnToolsVersion = 7.0;
						TestTargetID = 65C520871BB1466C0092675C;
					};
					65C520A91BB1466D0092675C = {
						CreatedOnToolsVersion = 7.0;
						TestTargetID = 65C520871BB1466C0092675C;
					};
				};
			};
			buildConfigurationList = 65C520831BB1466C0092675C /* Build configuration list for PBXProject "Xploration Reader" */;
			compatibilityVersion = "Xcode 3.2";
			developmentRegion = English;
			hasScannedForEncodings = 0;
			knownRegions = (
				en,
				Base,
			);
			mainGroup = 65C5207F1BB1466C0092675C;
			productRefGroup = 65C520891BB1466C0092675C /* Products */;
			projectDirPath = "";
			projectRoot = "";
			targets = (
				65C520871BB1466C0092675C /* Xploration Reader */,
				65C5209E1BB1466D0092675C /* Xploration ReaderTests */,
				65C520A91BB1466D0092675C /* Xploration ReaderUITests */,
			);
		};
/* End PBXProject section */

/* Begin PBXResourcesBuildPhase section */
		65C520861BB1466C0092675C /* Resources */ = {
			isa = PBXResourcesBuildPhase;
			buildActionMask = 2147483647;
			files = (
				65C409751BBAAFD00021B86D /* ArticlesTableViewCell.xib in Resources */,
				65C520991BB1466D0092675C /* LaunchScreen.storyboard in Resources */,
				65C520961BB1466D0092675C /* Assets.xcassets in Resources */,
				65C520911BB1466C0092675C /* Main.storyboard in Resources */,
			);
			runOnlyForDeploymentPostprocessing = 0;
		};
		65C5209D1BB1466D0092675C /* Resources */ = {
			isa = PBXResourcesBuildPhase;
			buildActionMask = 2147483647;
			files = (
			);
			runOnlyForDeploymentPostprocessing = 0;
		};
		65C520A81BB1466D0092675C /* Resources */ = {
			isa = PBXResourcesBuildPhase;
			buildActionMask = 2147483647;
			files = (
			);
			runOnlyForDeploymentPostprocessing = 0;
		};
/* End PBXResourcesBuildPhase section */

/* Begin PBXSourcesBuildPhase section */
		65C520841BB1466C0092675C /* Sources */ = {
			isa = PBXSourcesBuildPhase;
			buildActionMask = 2147483647;
			files = (
				65C409741BBAAFD00021B86D /* ArticlesTableViewCell.swift in Sources */,
				65C520941BB1466D0092675C /* Xploration_Reader.xcdatamodeld in Sources */,
				65C4096B1BBA96040021B86D /* ArticlesViewController.swift in Sources */,
				65C409701BBA99100021B86D /* AboutViewController.swift in Sources */,
				65C5208C1BB1466C0092675C /* AppDelegate.swift in Sources */,
				65C409781BBAB0900021B86D /* ACTagView.swift in Sources */,
			);
			runOnlyForDeploymentPostprocessing = 0;
		};
		65C5209B1BB1466D0092675C /* Sources */ = {
			isa = PBXSourcesBuildPhase;
			buildActionMask = 2147483647;
			files = (
				65C520A41BB1466D0092675C /* Xploration_ReaderTests.swift in Sources */,
			);
			runOnlyForDeploymentPostprocessing = 0;
		};
		65C520A61BB1466D0092675C /* Sources */ = {
			isa = PBXSourcesBuildPhase;
			buildActionMask = 2147483647;
			files = (
				65C520AF1BB1466D0092675C /* Xploration_ReaderUITests.swift in Sources */,
			);
			runOnlyForDeploymentPostprocessing = 0;
		};
/* End PBXSourcesBuildPhase section */

/* Begin PBXTargetDependency section */
		65C520A11BB1466D0092675C /* PBXTargetDependency */ = {
			isa = PBXTargetDependency;
			target = 65C520871BB1466C0092675C /* Xploration Reader */;
			targetProxy = 65C520A01BB1466D0092675C /* PBXContainerItemProxy */;
		};
		65C520AC1BB1466D0092675C /* PBXTargetDependency */ = {
			isa = PBXTargetDependency;
			target = 65C520871BB1466C0092675C /* Xploration Reader */;
			targetProxy = 65C520AB1BB1466D0092675C /* PBXContainerItemProxy */;
		};
/* End PBXTargetDependency section */

/* Begin PBXVariantGroup section */
		65C5208F1BB1466C0092675C /* Main.storyboard */ = {
			isa = PBXVariantGroup;
			children = (
				65C520901BB1466C0092675C /* Base */,
			);
			name = Main.storyboard;
			sourceTree = "<group>";
		};
		65C520971BB1466D0092675C /* LaunchScreen.storyboard */ = {
			isa = PBXVariantGroup;
			children = (
				65C520981BB1466D0092675C /* Base */,
			);
			name = LaunchScreen.storyboard;
			sourceTree = "<group>";
		};
/* End PBXVariantGroup section */

/* Begin XCBuildConfiguration section */
		65C520B11BB1466D0092675C /* Debug */ = {
			isa = XCBuildConfiguration;
			buildSettings = {
				ALWAYS_SEARCH_USER_PATHS = NO;
				CLANG_CXX_LANGUAGE_STANDARD = "gnu++0x";
				CLANG_CXX_LIBRARY = "libc++";
				CLANG_ENABLE_MODULES = YES;
				CLANG_ENABLE_OBJC_ARC = YES;
				CLANG_WARN_BOOL_CONVERSION = YES;
				CLANG_WARN_CONSTANT_CONVERSION = YES;
				CLANG_WARN_DIRECT_OBJC_ISA_USAGE = YES_ERROR;
				CLANG_WARN_EMPTY_BODY = YES;
				CLANG_WARN_ENUM_CONVERSION = YES;
				CLANG_WARN_INT_CONVERSION = YES;
				CLANG_WARN_OBJC_ROOT_CLASS = YES_ERROR;
				CLANG_WARN_UNREACHABLE_CODE = YES;
				CLANG_WARN__DUPLICATE_METHOD_MATCH = YES;
				"CODE_SIGN_IDENTITY[sdk=iphoneos*]" = "iPhone Developer";
				COPY_PHASE_STRIP = NO;
				DEBUG_INFORMATION_FORMAT = dwarf;
				ENABLE_STRICT_OBJC_MSGSEND = YES;
				ENABLE_TESTABILITY = YES;
				GCC_C_LANGUAGE_STANDARD = gnu99;
				GCC_DYNAMIC_NO_PIC = NO;
				GCC_NO_COMMON_BLOCKS = YES;
				GCC_OPTIMIZATION_LEVEL = 0;
				GCC_PREPROCESSOR_DEFINITIONS = (
					"DEBUG=1",
					"$(inherited)",
				);
				GCC_WARN_64_TO_32_BIT_CONVERSION = YES;
				GCC_WARN_ABOUT_RETURN_TYPE = YES_ERROR;
				GCC_WARN_UNDECLARED_SELECTOR = YES;
				GCC_WARN_UNINITIALIZED_AUTOS = YES_AGGRESSIVE;
				GCC_WARN_UNUSED_FUNCTION = YES;
				GCC_WARN_UNUSED_VARIABLE = YES;
				IPHONEOS_DEPLOYMENT_TARGET = 9.0;
				MTL_ENABLE_DEBUG_INFO = YES;
				ONLY_ACTIVE_ARCH = YES;
				SDKROOT = iphoneos;
				SWIFT_OPTIMIZATION_LEVEL = "-Onone";
				TARGETED_DEVICE_FAMILY = "1,2";
			};
			name = Debug;
		};
		65C520B21BB1466D0092675C /* Release */ = {
			isa = XCBuildConfiguration;
			buildSettings = {
				ALWAYS_SEARCH_USER_PATHS = NO;
				CLANG_CXX_LANGUAGE_STANDARD = "gnu++0x";
				CLANG_CXX_LIBRARY = "libc++";
				CLANG_ENABLE_MODULES = YES;
				CLANG_ENABLE_OBJC_ARC = YES;
				CLANG_WARN_BOOL_CONVERSION = YES;
				CLANG_WARN_CONSTANT_CONVERSION = YES;
				CLANG_WARN_DIRECT_OBJC_ISA_USAGE = YES_ERROR;
				CLANG_WARN_EMPTY_BODY = YES;
				CLANG_WARN_ENUM_CONVERSION = YES;
				CLANG_WARN_INT_CONVERSION = YES;
				CLANG_WARN_OBJC_ROOT_CLASS = YES_ERROR;
				CLANG_WARN_UNREACHABLE_CODE = YES;
				CLANG_WARN__DUPLICATE_METHOD_MATCH = YES;
				"CODE_SIGN_IDENTITY[sdk=iphoneos*]" = "iPhone Developer";
				COPY_PHASE_STRIP = NO;
				DEBUG_INFORMATION_FORMAT = "dwarf-with-dsym";
				ENABLE_NS_ASSERTIONS = NO;
				ENABLE_STRICT_OBJC_MSGSEND = YES;
				GCC_C_LANGUAGE_STANDARD = gnu99;
				GCC_NO_COMMON_BLOCKS = YES;
				GCC_WARN_64_TO_32_BIT_CONVERSION = YES;
				GCC_WARN_ABOUT_RETURN_TYPE = YES_ERROR;
				GCC_WARN_UNDECLARED_SELECTOR = YES;
				GCC_WARN_UNINITIALIZED_AUTOS = YES_AGGRESSIVE;
				GCC_WARN_UNUSED_FUNCTION = YES;
				GCC_WARN_UNUSED_VARIABLE = YES;
				IPHONEOS_DEPLOYMENT_TARGET = 9.0;
				MTL_ENABLE_DEBUG_INFO = NO;
				SDKROOT = iphoneos;
				TARGETED_DEVICE_FAMILY = "1,2";
				VALIDATE_PRODUCT = YES;
			};
			name = Release;
		};
		65C520B41BB1466D0092675C /* Debug */ = {
			isa = XCBuildConfiguration;
			buildSettings = {
				ASSETCATALOG_COMPILER_APPICON_NAME = AppIcon;
				CODE_SIGN_IDENTITY = "iPhone Developer";
				INFOPLIST_FILE = "Xploration Reader/Info.plist";
				LD_RUNPATH_SEARCH_PATHS = "$(inherited) @executable_path/Frameworks";
				PRODUCT_BUNDLE_IDENTIFIER = "uk.projectchronos.Xploration-Reader";
				PRODUCT_NAME = "$(TARGET_NAME)";
			};
			name = Debug;
		};
		65C520B51BB1466D0092675C /* Release */ = {
			isa = XCBuildConfiguration;
			buildSettings = {
				ASSETCATALOG_COMPILER_APPICON_NAME = AppIcon;
				CODE_SIGN_IDENTITY = "iPhone Developer";
				INFOPLIST_FILE = "Xploration Reader/Info.plist";
				LD_RUNPATH_SEARCH_PATHS = "$(inherited) @executable_path/Frameworks";
				PRODUCT_BUNDLE_IDENTIFIER = "uk.projectchronos.Xploration-Reader";
				PRODUCT_NAME = "$(TARGET_NAME)";
			};
			name = Release;
		};
		65C520B71BB1466D0092675C /* Debug */ = {
			isa = XCBuildConfiguration;
			buildSettings = {
				BUNDLE_LOADER = "$(TEST_HOST)";
				INFOPLIST_FILE = "Xploration ReaderTests/Info.plist";
				LD_RUNPATH_SEARCH_PATHS = "$(inherited) @executable_path/Frameworks @loader_path/Frameworks";
				PRODUCT_BUNDLE_IDENTIFIER = "uk.projectchronos.Xploration-ReaderTests";
				PRODUCT_NAME = "$(TARGET_NAME)";
				TEST_HOST = "$(BUILT_PRODUCTS_DIR)/Xploration Reader.app/Xploration Reader";
			};
			name = Debug;
		};
		65C520B81BB1466D0092675C /* Release */ = {
			isa = XCBuildConfiguration;
			buildSettings = {
				BUNDLE_LOADER = "$(TEST_HOST)";
				INFOPLIST_FILE = "Xploration ReaderTests/Info.plist";
				LD_RUNPATH_SEARCH_PATHS = "$(inherited) @executable_path/Frameworks @loader_path/Frameworks";
				PRODUCT_BUNDLE_IDENTIFIER = "uk.projectchronos.Xploration-ReaderTests";
				PRODUCT_NAME = "$(TARGET_NAME)";
				TEST_HOST = "$(BUILT_PRODUCTS_DIR)/Xploration Reader.app/Xploration Reader";
			};
			name = Release;
		};
		65C520BA1BB1466D0092675C /* Debug */ = {
			isa = XCBuildConfiguration;
			buildSettings = {
				INFOPLIST_FILE = "Xploration ReaderUITests/Info.plist";
				LD_RUNPATH_SEARCH_PATHS = "$(inherited) @executable_path/Frameworks @loader_path/Frameworks";
				PRODUCT_BUNDLE_IDENTIFIER = "uk.projectchronos.Xploration-ReaderUITests";
				PRODUCT_NAME = "$(TARGET_NAME)";
				TEST_TARGET_NAME = "Xploration Reader";
				USES_XCTRUNNER = YES;
			};
			name = Debug;
		};
		65C520BB1BB1466D0092675C /* Release */ = {
			isa = XCBuildConfiguration;
			buildSettings = {
				INFOPLIST_FILE = "Xploration ReaderUITests/Info.plist";
				LD_RUNPATH_SEARCH_PATHS = "$(inherited) @executable_path/Frameworks @loader_path/Frameworks";
				PRODUCT_BUNDLE_IDENTIFIER = "uk.projectchronos.Xploration-ReaderUITests";
				PRODUCT_NAME = "$(TARGET_NAME)";
				TEST_TARGET_NAME = "Xploration Reader";
				USES_XCTRUNNER = YES;
			};
			name = Release;
		};
/* End XCBuildConfiguration section */

/* Begin XCConfigurationList section */
		65C520831BB1466C0092675C /* Build configuration list for PBXProject "Xploration Reader" */ = {
			isa = XCConfigurationList;
			buildConfigurations = (
				65C520B11BB1466D0092675C /* Debug */,
				65C520B21BB1466D0092675C /* Release */,
			);
			defaultConfigurationIsVisible = 0;
			defaultConfigurationName = Release;
		};
		65C520B31BB1466D0092675C /* Build configuration list for PBXNativeTarget "Xploration Reader" */ = {
			isa = XCConfigurationList;
			buildConfigurations = (
				65C520B41BB1466D0092675C /* Debug */,
				65C520B51BB1466D0092675C /* Release */,
			);
			defaultConfigurationIsVisible = 0;
			defaultConfigurationName = Release;
		};
		65C520B61BB1466D0092675C /* Build configuration list for PBXNativeTarget "Xploration ReaderTests" */ = {
			isa = XCConfigurationList;
			buildConfigurations = (
				65C520B71BB1466D0092675C /* Debug */,
				65C520B81BB1466D0092675C /* Release */,
			);
			defaultConfigurationIsVisible = 0;
			defaultConfigurationName = Release;
		};
		65C520B91BB1466D0092675C /* Build configuration list for PBXNativeTarget "Xploration ReaderUITests" */ = {
			isa = XCConfigurationList;
			buildConfigurations = (
				65C520BA1BB1466D0092675C /* Debug */,
				65C520BB1BB1466D0092675C /* Release */,
			);
			defaultConfigurationIsVisible = 0;
			defaultConfigurationName = Release;
		};
/* End XCConfigurationList section */

/* Begin XCVersionGroup section */
		65C520921BB1466D0092675C /* Xploration_Reader.xcdatamodeld */ = {
			isa = XCVersionGroup;
			children = (
				65C520931BB1466D0092675C /* Xploration_Reader.xcdatamodel */,
			);
			currentVersion = 65C520931BB1466D0092675C /* Xploration_Reader.xcdatamodel */;
			path = Xploration_Reader.xcdatamodeld;
			sourceTree = "<group>";
			versionGroupType = wrapper.xcdatamodel;
		};
/* End XCVersionGroup section */
	};
	rootObject = 65C520801BB1466C0092675C /* Project object */;
}
