// !$*UTF8*$!
{
	archiveVersion = 1;
	classes = {
	};
	objectVersion = 46;
	objects = {

/* Begin PBXBuildFile section */
		65793BA51BC967C800FE83F5 /* AboutViewController.swift in Sources */ = {isa = PBXBuildFile; fileRef = 65793B9F1BC967C800FE83F5 /* AboutViewController.swift */; settings = {ASSET_TAGS = (); }; };
		65793BA61BC967C800FE83F5 /* ACTagView.swift in Sources */ = {isa = PBXBuildFile; fileRef = 65793BA01BC967C800FE83F5 /* ACTagView.swift */; settings = {ASSET_TAGS = (); }; };
		65793BA71BC967C800FE83F5 /* Articles.swift in Sources */ = {isa = PBXBuildFile; fileRef = 65793BA11BC967C800FE83F5 /* Articles.swift */; settings = {ASSET_TAGS = (); }; };
		65793BA81BC967C800FE83F5 /* ArticlesViewController.swift in Sources */ = {isa = PBXBuildFile; fileRef = 65793BA21BC967C800FE83F5 /* ArticlesViewController.swift */; settings = {ASSET_TAGS = (); }; };
		65793BA91BC967C800FE83F5 /* ArticleTableViewCell.swift in Sources */ = {isa = PBXBuildFile; fileRef = 65793BA31BC967C800FE83F5 /* ArticleTableViewCell.swift */; settings = {ASSET_TAGS = (); }; };
		65793BAA1BC967C800FE83F5 /* ArticleTableViewCell.xib in Resources */ = {isa = PBXBuildFile; fileRef = 65793BA41BC967C800FE83F5 /* ArticleTableViewCell.xib */; settings = {ASSET_TAGS = (); }; };
		65C5208C1BB1466C0092675C /* AppDelegate.swift in Sources */ = {isa = PBXBuildFile; fileRef = 65C5208B1BB1466C0092675C /* AppDelegate.swift */; };
		65C520911BB1466C0092675C /* Main.storyboard in Resources */ = {isa = PBXBuildFile; fileRef = 65C5208F1BB1466C0092675C /* Main.storyboard */; };
		65C520941BB1466D0092675C /* Xploration_Reader.xcdatamodeld in Sources */ = {isa = PBXBuildFile; fileRef = 65C520921BB1466D0092675C /* Xploration_Reader.xcdatamodeld */; };
		65C520961BB1466D0092675C /* Assets.xcassets in Resources */ = {isa = PBXBuildFile; fileRef = 65C520951BB1466D0092675C /* Assets.xcassets */; };
		65C520991BB1466D0092675C /* LaunchScreen.storyboard in Resources */ = {isa = PBXBuildFile; fileRef = 65C520971BB1466D0092675C /* LaunchScreen.storyboard */; };
/* End PBXBuildFile section */

/* Begin PBXFileReference section */
		65793B9F1BC967C800FE83F5 /* AboutViewController.swift */ = {isa = PBXFileReference; fileEncoding = 4; lastKnownFileType = sourcecode.swift; path = AboutViewController.swift; sourceTree = "<group>"; };
		65793BA01BC967C800FE83F5 /* ACTagView.swift */ = {isa = PBXFileReference; fileEncoding = 4; lastKnownFileType = sourcecode.swift; path = ACTagView.swift; sourceTree = "<group>"; };
		65793BA11BC967C800FE83F5 /* Articles.swift */ = {isa = PBXFileReference; fileEncoding = 4; lastKnownFileType = sourcecode.swift; path = Articles.swift; sourceTree = "<group>"; };
		65793BA21BC967C800FE83F5 /* ArticlesViewController.swift */ = {isa = PBXFileReference; fileEncoding = 4; lastKnownFileType = sourcecode.swift; path = ArticlesViewController.swift; sourceTree = "<group>"; };
		65793BA31BC967C800FE83F5 /* ArticleTableViewCell.swift */ = {isa = PBXFileReference; fileEncoding = 4; lastKnownFileType = sourcecode.swift; path = ArticleTableViewCell.swift; sourceTree = "<group>"; };
		65793BA41BC967C800FE83F5 /* ArticleTableViewCell.xib */ = {isa = PBXFileReference; fileEncoding = 4; lastKnownFileType = file.xib; path = ArticleTableViewCell.xib; sourceTree = "<group>"; };
		65C520881BB1466C0092675C /* XpReader.app */ = {isa = PBXFileReference; explicitFileType = wrapper.application; includeInIndex = 0; path = XpReader.app; sourceTree = BUILT_PRODUCTS_DIR; };
		65C5208B1BB1466C0092675C /* AppDelegate.swift */ = {isa = PBXFileReference; lastKnownFileType = sourcecode.swift; path = AppDelegate.swift; sourceTree = "<group>"; };
		65C520901BB1466C0092675C /* Base */ = {isa = PBXFileReference; lastKnownFileType = file.storyboard; name = Base; path = Base.lproj/Main.storyboard; sourceTree = "<group>"; };
		65C520931BB1466D0092675C /* Xploration_Reader.xcdatamodel */ = {isa = PBXFileReference; lastKnownFileType = wrapper.xcdatamodel; path = Xploration_Reader.xcdatamodel; sourceTree = "<group>"; };
		65C520951BB1466D0092675C /* Assets.xcassets */ = {isa = PBXFileReference; lastKnownFileType = folder.assetcatalog; path = Assets.xcassets; sourceTree = "<group>"; };
		65C520981BB1466D0092675C /* Base */ = {isa = PBXFileReference; lastKnownFileType = file.storyboard; name = Base; path = Base.lproj/LaunchScreen.storyboard; sourceTree = "<group>"; };
		65C5209A1BB1466D0092675C /* Info.plist */ = {isa = PBXFileReference; lastKnownFileType = text.plist.xml; path = Info.plist; sourceTree = "<group>"; };
/* End PBXFileReference section */

/* Begin PBXFrameworksBuildPhase section */
		65C520851BB1466C0092675C /* Frameworks */ = {
			isa = PBXFrameworksBuildPhase;
			buildActionMask = 2147483647;
			files = (
			);
			runOnlyForDeploymentPostprocessing = 0;
		};
/* End PBXFrameworksBuildPhase section */

/* Begin PBXGroup section */
		65793BAB1BC9684300FE83F5 /* ACTagView */ = {
			isa = PBXGroup;
			children = (
				65793BA01BC967C800FE83F5 /* ACTagView.swift */,
			);
			name = ACTagView;
			sourceTree = "<group>";
		};
		65793BAC1BC9684A00FE83F5 /* Classes Object */ = {
			isa = PBXGroup;
			children = (
				65793BA11BC967C800FE83F5 /* Articles.swift */,
			);
			name = "Classes Object";
			sourceTree = "<group>";
		};
		65793BAD1BC9685D00FE83F5 /* Calsses Template */ = {
			isa = PBXGroup;
			children = (
				65793BA41BC967C800FE83F5 /* ArticleTableViewCell.xib */,
				65793BA31BC967C800FE83F5 /* ArticleTableViewCell.swift */,
			);
			name = "Calsses Template";
			sourceTree = "<group>";
		};
		65793BAE1BC9693100FE83F5 /* Classes Controller */ = {
			isa = PBXGroup;
			children = (
				65793BA21BC967C800FE83F5 /* ArticlesViewController.swift */,
				65793B9F1BC967C800FE83F5 /* AboutViewController.swift */,
			);
			name = "Classes Controller";
			sourceTree = "<group>";
		};
		65C5207F1BB1466C0092675C = {
			isa = PBXGroup;
			children = (
				65C5208A1BB1466C0092675C /* Xploration Reader */,
				65C520891BB1466C0092675C /* Products */,
			);
			sourceTree = "<group>";
		};
		65C520891BB1466C0092675C /* Products */ = {
			isa = PBXGroup;
			children = (
				65C520881BB1466C0092675C /* XpReader.app */,
			);
			name = Products;
			sourceTree = "<group>";
		};
		65C5208A1BB1466C0092675C /* Xploration Reader */ = {
			isa = PBXGroup;
			children = (
				65C5208B1BB1466C0092675C /* AppDelegate.swift */,
				65793BAB1BC9684300FE83F5 /* ACTagView */,
				65793BAC1BC9684A00FE83F5 /* Classes Object */,
				65793BAD1BC9685D00FE83F5 /* Calsses Template */,
				65793BAE1BC9693100FE83F5 /* Classes Controller */,
				65C5208F1BB1466C0092675C /* Main.storyboard */,
				65C520971BB1466D0092675C /* LaunchScreen.storyboard */,
				65C520951BB1466D0092675C /* Assets.xcassets */,
				65C5209A1BB1466D0092675C /* Info.plist */,
				65C520921BB1466D0092675C /* Xploration_Reader.xcdatamodeld */,
			);
			path = "Xploration Reader";
			sourceTree = "<group>";
		};
/* End PBXGroup section */

/* Begin PBXNativeTarget section */
		65C520871BB1466C0092675C /* XpReader */ = {
			isa = PBXNativeTarget;
			buildConfigurationList = 65C520B31BB1466D0092675C /* Build configuration list for PBXNativeTarget "XpReader" */;
			buildPhases = (
				65C520841BB1466C0092675C /* Sources */,
				65C520851BB1466C0092675C /* Frameworks */,
				65C520861BB1466C0092675C /* Resources */,
			);
			buildRules = (
			);
			dependencies = (
			);
			name = XpReader;
			productName = "Xploration Reader";
			productReference = 65C520881BB1466C0092675C /* XpReader.app */;
			productType = "com.apple.product-type.application";
		};
/* End PBXNativeTarget section */

/* Begin PBXProject section */
		65C520801BB1466C0092675C /* Project object */ = {
			isa = PBXProject;
			attributes = {
				LastUpgradeCheck = 0700;
				ORGANIZATIONNAME = "Andrea Cerra";
				TargetAttributes = {
					65C520871BB1466C0092675C = {
						CreatedOnToolsVersion = 7.0;
					};
				};
			};
			buildConfigurationList = 65C520831BB1466C0092675C /* Build configuration list for PBXProject "XpReader" */;
			compatibilityVersion = "Xcode 3.2";
			developmentRegion = English;
			hasScannedForEncodings = 0;
			knownRegions = (
				en,
				Base,
			);
			mainGroup = 65C5207F1BB1466C0092675C;
			productRefGroup = 65C520891BB1466C0092675C /* Products */;
			projectDirPath = "";
			projectRoot = "";
			targets = (
				65C520871BB1466C0092675C /* XpReader */,
			);
		};
/* End PBXProject section */

/* Begin PBXResourcesBuildPhase section */
		65C520861BB1466C0092675C /* Resources */ = {
			isa = PBXResourcesBuildPhase;
			buildActionMask = 2147483647;
			files = (
				65793BAA1BC967C800FE83F5 /* ArticleTableViewCell.xib in Resources */,
				65C520991BB1466D0092675C /* LaunchScreen.storyboard in Resources */,
				65C520961BB1466D0092675C /* Assets.xcassets in Resources */,
				65C520911BB1466C0092675C /* Main.storyboard in Resources */,
			);
			runOnlyForDeploymentPostprocessing = 0;
		};
/* End PBXResourcesBuildPhase section */

/* Begin PBXSourcesBuildPhase section */
		65C520841BB1466C0092675C /* Sources */ = {
			isa = PBXSourcesBuildPhase;
			buildActionMask = 2147483647;
			files = (
				65793BA51BC967C800FE83F5 /* AboutViewController.swift in Sources */,
				65793BA71BC967C800FE83F5 /* Articles.swift in Sources */,
				65793BA61BC967C800FE83F5 /* ACTagView.swift in Sources */,
				65793BA81BC967C800FE83F5 /* ArticlesViewController.swift in Sources */,
				65C520941BB1466D0092675C /* Xploration_Reader.xcdatamodeld in Sources */,
				65793BA91BC967C800FE83F5 /* ArticleTableViewCell.swift in Sources */,
				65C5208C1BB1466C0092675C /* AppDelegate.swift in Sources */,
			);
			runOnlyForDeploymentPostprocessing = 0;
		};
/* End PBXSourcesBuildPhase section */

/* Begin PBXVariantGroup section */
		65C5208F1BB1466C0092675C /* Main.storyboard */ = {
			isa = PBXVariantGroup;
			children = (
				65C520901BB1466C0092675C /* Base */,
			);
			name = Main.storyboard;
			sourceTree = "<group>";
		};
		65C520971BB1466D0092675C /* LaunchScreen.storyboard */ = {
			isa = PBXVariantGroup;
			children = (
				65C520981BB1466D0092675C /* Base */,
			);
			name = LaunchScreen.storyboard;
			sourceTree = "<group>";
		};
/* End PBXVariantGroup section */

/* Begin XCBuildConfiguration section */
		65C520B11BB1466D0092675C /* Debug */ = {
			isa = XCBuildConfiguration;
			buildSettings = {
				ALWAYS_SEARCH_USER_PATHS = NO;
				CLANG_CXX_LANGUAGE_STANDARD = "gnu++0x";
				CLANG_CXX_LIBRARY = "libc++";
				CLANG_ENABLE_MODULES = YES;
				CLANG_ENABLE_OBJC_ARC = YES;
				CLANG_WARN_BOOL_CONVERSION = YES;
				CLANG_WARN_CONSTANT_CONVERSION = YES;
				CLANG_WARN_DIRECT_OBJC_ISA_USAGE = YES_ERROR;
				CLANG_WARN_EMPTY_BODY = YES;
				CLANG_WARN_ENUM_CONVERSION = YES;
				CLANG_WARN_INT_CONVERSION = YES;
				CLANG_WARN_OBJC_ROOT_CLASS = YES_ERROR;
				CLANG_WARN_UNREACHABLE_CODE = YES;
				CLANG_WARN__DUPLICATE_METHOD_MATCH = YES;
				"CODE_SIGN_IDENTITY[sdk=iphoneos*]" = "iPhone Developer";
				COPY_PHASE_STRIP = NO;
				DEBUG_INFORMATION_FORMAT = dwarf;
				ENABLE_STRICT_OBJC_MSGSEND = YES;
				ENABLE_TESTABILITY = YES;
				GCC_C_LANGUAGE_STANDARD = gnu99;
				GCC_DYNAMIC_NO_PIC = NO;
				GCC_NO_COMMON_BLOCKS = YES;
				GCC_OPTIMIZATION_LEVEL = 0;
				GCC_PREPROCESSOR_DEFINITIONS = (
					"DEBUG=1",
					"$(inherited)",
				);
				GCC_WARN_64_TO_32_BIT_CONVERSION = YES;
				GCC_WARN_ABOUT_RETURN_TYPE = YES_ERROR;
				GCC_WARN_UNDECLARED_SELECTOR = YES;
				GCC_WARN_UNINITIALIZED_AUTOS = YES_AGGRESSIVE;
				GCC_WARN_UNUSED_FUNCTION = YES;
				GCC_WARN_UNUSED_VARIABLE = YES;
				IPHONEOS_DEPLOYMENT_TARGET = 9.0;
				MTL_ENABLE_DEBUG_INFO = YES;
				ONLY_ACTIVE_ARCH = YES;
				SDKROOT = iphoneos;
				SWIFT_OPTIMIZATION_LEVEL = "-Onone";
				TARGETED_DEVICE_FAMILY = "1,2";
			};
			name = Debug;
		};
		65C520B21BB1466D0092675C /* Release */ = {
			isa = XCBuildConfiguration;
			buildSettings = {
				ALWAYS_SEARCH_USER_PATHS = NO;
				CLANG_CXX_LANGUAGE_STANDARD = "gnu++0x";
				CLANG_CXX_LIBRARY = "libc++";
				CLANG_ENABLE_MODULES = YES;
				CLANG_ENABLE_OBJC_ARC = YES;
				CLANG_WARN_BOOL_CONVERSION = YES;
				CLANG_WARN_CONSTANT_CONVERSION = YES;
				CLANG_WARN_DIRECT_OBJC_ISA_USAGE = YES_ERROR;
				CLANG_WARN_EMPTY_BODY = YES;
				CLANG_WARN_ENUM_CONVERSION = YES;
				CLANG_WARN_INT_CONVERSION = YES;
				CLANG_WARN_OBJC_ROOT_CLASS = YES_ERROR;
				CLANG_WARN_UNREACHABLE_CODE = YES;
				CLANG_WARN__DUPLICATE_METHOD_MATCH = YES;
				"CODE_SIGN_IDENTITY[sdk=iphoneos*]" = "iPhone Developer";
				COPY_PHASE_STRIP = NO;
				DEBUG_INFORMATION_FORMAT = "dwarf-with-dsym";
				ENABLE_NS_ASSERTIONS = NO;
				ENABLE_STRICT_OBJC_MSGSEND = YES;
				GCC_C_LANGUAGE_STANDARD = gnu99;
				GCC_NO_COMMON_BLOCKS = YES;
				GCC_WARN_64_TO_32_BIT_CONVERSION = YES;
				GCC_WARN_ABOUT_RETURN_TYPE = YES_ERROR;
				GCC_WARN_UNDECLARED_SELECTOR = YES;
				GCC_WARN_UNINITIALIZED_AUTOS = YES_AGGRESSIVE;
				GCC_WARN_UNUSED_FUNCTION = YES;
				GCC_WARN_UNUSED_VARIABLE = YES;
				IPHONEOS_DEPLOYMENT_TARGET = 9.0;
				MTL_ENABLE_DEBUG_INFO = NO;
				SDKROOT = iphoneos;
				TARGETED_DEVICE_FAMILY = "1,2";
				VALIDATE_PRODUCT = YES;
			};
			name = Release;
		};
		65C520B41BB1466D0092675C /* Debug */ = {
			isa = XCBuildConfiguration;
			buildSettings = {
				ASSETCATALOG_COMPILER_APPICON_NAME = AppIcon;
				INFOPLIST_FILE = "Xploration Reader/Info.plist";
				LD_RUNPATH_SEARCH_PATHS = "$(inherited) @executable_path/Frameworks";
				PRODUCT_BUNDLE_IDENTIFIER = "uk.projectchronos.Xploration-Reader";
				PRODUCT_NAME = XpReader;
			};
			name = Debug;
		};
		65C520B51BB1466D0092675C /* Release */ = {
			isa = XCBuildConfiguration;
			buildSettings = {
				ASSETCATALOG_COMPILER_APPICON_NAME = AppIcon;
				INFOPLIST_FILE = "Xploration Reader/Info.plist";
				LD_RUNPATH_SEARCH_PATHS = "$(inherited) @executable_path/Frameworks";
				PRODUCT_BUNDLE_IDENTIFIER = "uk.projectchronos.Xploration-Reader";
				PRODUCT_NAME = XpReader;
			};
			name = Release;
		};
/* End XCBuildConfiguration section */

/* Begin XCConfigurationList section */
		65C520831BB1466C0092675C /* Build configuration list for PBXProject "XpReader" */ = {
			isa = XCConfigurationList;
			buildConfigurations = (
				65C520B11BB1466D0092675C /* Debug */,
				65C520B21BB1466D0092675C /* Release */,
			);
			defaultConfigurationIsVisible = 0;
			defaultConfigurationName = Release;
		};
		65C520B31BB1466D0092675C /* Build configuration list for PBXNativeTarget "XpReader" */ = {
			isa = XCConfigurationList;
			buildConfigurations = (
				65C520B41BB1466D0092675C /* Debug */,
				65C520B51BB1466D0092675C /* Release */,
			);
			defaultConfigurationIsVisible = 0;
			defaultConfigurationName = Release;
		};
/* End XCConfigurationList section */

/* Begin XCVersionGroup section */
		65C520921BB1466D0092675C /* Xploration_Reader.xcdatamodeld */ = {
			isa = XCVersionGroup;
			children = (
				65C520931BB1466D0092675C /* Xploration_Reader.xcdatamodel */,
			);
			currentVersion = 65C520931BB1466D0092675C /* Xploration_Reader.xcdatamodel */;
			path = Xploration_Reader.xcdatamodeld;
			sourceTree = "<group>";
			versionGroupType = wrapper.xcdatamodel;
		};
/* End XCVersionGroup section */
	};
	rootObject = 65C520801BB1466C0092675C /* Project object */;
}
